// !$*UTF8*$!
{
	archiveVersion = 1;
	classes = {
	};
	objectVersion = 56;
	objects = {

/* Begin PBXBuildFile section */
		7E52A41C2D8EFBC20010C789 /* AudoraApp.swift in Sources */ = {isa = PBXBuildFile; fileRef = 7E52A41B2D8EFBC20010C789 /* AudoraApp.swift */; };
		7E52A41E2D8EFBC20010C789 /* ContentView.swift in Sources */ = {isa = PBXBuildFile; fileRef = 7E52A41D2D8EFBC20010C789 /* ContentView.swift */; };
		7E52A4202D8EFBC40010C789 /* Assets.xcassets in Resources */ = {isa = PBXBuildFile; fileRef = 7E52A41F2D8EFBC40010C789 /* Assets.xcassets */; };
		7E52A4232D8EFBC40010C789 /* Preview Assets.xcassets in Resources */ = {isa = PBXBuildFile; fileRef = 7E52A4222D8EFBC40010C789 /* Preview Assets.xcassets */; };
		7E52A42D2D8EFBC40010C789 /* AudoraTests.swift in Sources */ = {isa = PBXBuildFile; fileRef = 7E52A42C2D8EFBC40010C789 /* AudoraTests.swift */; };
		7E52A4372D8EFBC50010C789 /* AudoraUITests.swift in Sources */ = {isa = PBXBuildFile; fileRef = 7E52A4362D8EFBC50010C789 /* AudoraUITests.swift */; };
		7E52A4392D8EFBC50010C789 /* AudoraUITestsLaunchTests.swift in Sources */ = {isa = PBXBuildFile; fileRef = 7E52A4382D8EFBC50010C789 /* AudoraUITestsLaunchTests.swift */; };
		7E52A45F2D8F0DB00010C789 /* BaseViewModel.swift in Sources */ = {isa = PBXBuildFile; fileRef = 7E52A4592D8F0DB00010C789 /* BaseViewModel.swift */; };
		7E52A4602D8F0DB00010C789 /* NetworkError.swift in Sources */ = {isa = PBXBuildFile; fileRef = 7E52A45A2D8F0DB00010C789 /* NetworkError.swift */; };
		7E52A4612D8F0DB00010C789 /* WorkScheduler.swift in Sources */ = {isa = PBXBuildFile; fileRef = 7E52A45B2D8F0DB00010C789 /* WorkScheduler.swift */; };
		7E52A46A2D8F0F830010C789 /* NetworkTarget.swift in Sources */ = {isa = PBXBuildFile; fileRef = 7E52A4692D8F0F830010C789 /* NetworkTarget.swift */; };
		7E52A46D2D8F10210010C789 /* Configuration.swift in Sources */ = {isa = PBXBuildFile; fileRef = 7E52A46C2D8F10210010C789 /* Configuration.swift */; };
		7E52A4752D8F13270010C789 /* Alamofire in Frameworks */ = {isa = PBXBuildFile; productRef = 7E52A4742D8F13270010C789 /* Alamofire */; };
		7E52A4772D8F13620010C789 /* NetworkTarget+Ext.swift in Sources */ = {isa = PBXBuildFile; fileRef = 7E52A4762D8F13620010C789 /* NetworkTarget+Ext.swift */; };
		7E52A47A2D8F14070010C789 /* RequestBuilder.swift in Sources */ = {isa = PBXBuildFile; fileRef = 7E52A4792D8F14070010C789 /* RequestBuilder.swift */; };
		7E52A47C2D8F181E0010C789 /* Dictionary+Ext.swift in Sources */ = {isa = PBXBuildFile; fileRef = 7E52A47B2D8F181E0010C789 /* Dictionary+Ext.swift */; };
		7E52A4802D8F18FC0010C789 /* NetworkClient.swift in Sources */ = {isa = PBXBuildFile; fileRef = 7E52A47F2D8F18FC0010C789 /* NetworkClient.swift */; };
		7E52A4842D8F1CF20010C789 /* Dummy.swift in Sources */ = {isa = PBXBuildFile; fileRef = 7E52A4832D8F1CF20010C789 /* Dummy.swift */; };
		7E52A4872D8F28420010C789 /* netfox in Frameworks */ = {isa = PBXBuildFile; productRef = 7E52A4862D8F28420010C789 /* netfox */; };
		7E52A4892D8F3D700010C789 /* AppDelegate.swift in Sources */ = {isa = PBXBuildFile; fileRef = 7E52A4882D8F3D700010C789 /* AppDelegate.swift */; };
		7E52A48B2D8F3E560010C789 /* NetworkDebugger.swift in Sources */ = {isa = PBXBuildFile; fileRef = 7E52A48A2D8F3E560010C789 /* NetworkDebugger.swift */; };
/* End PBXBuildFile section */

/* Begin PBXContainerItemProxy section */
		7E52A4292D8EFBC40010C789 /* PBXContainerItemProxy */ = {
			isa = PBXContainerItemProxy;
			containerPortal = 7E52A4102D8EFBC20010C789 /* Project object */;
			proxyType = 1;
			remoteGlobalIDString = 7E52A4172D8EFBC20010C789;
			remoteInfo = Audora;
		};
		7E52A4332D8EFBC50010C789 /* PBXContainerItemProxy */ = {
			isa = PBXContainerItemProxy;
			containerPortal = 7E52A4102D8EFBC20010C789 /* Project object */;
			proxyType = 1;
			remoteGlobalIDString = 7E52A4172D8EFBC20010C789;
			remoteInfo = Audora;
		};
/* End PBXContainerItemProxy section */

/* Begin PBXFileReference section */
		7E52A4182D8EFBC20010C789 /* Audora.app */ = {isa = PBXFileReference; explicitFileType = wrapper.application; includeInIndex = 0; path = Audora.app; sourceTree = BUILT_PRODUCTS_DIR; };
		7E52A41B2D8EFBC20010C789 /* AudoraApp.swift */ = {isa = PBXFileReference; lastKnownFileType = sourcecode.swift; path = AudoraApp.swift; sourceTree = "<group>"; };
		7E52A41D2D8EFBC20010C789 /* ContentView.swift */ = {isa = PBXFileReference; lastKnownFileType = sourcecode.swift; path = ContentView.swift; sourceTree = "<group>"; };
		7E52A41F2D8EFBC40010C789 /* Assets.xcassets */ = {isa = PBXFileReference; lastKnownFileType = folder.assetcatalog; path = Assets.xcassets; sourceTree = "<group>"; };
		7E52A4222D8EFBC40010C789 /* Preview Assets.xcassets */ = {isa = PBXFileReference; lastKnownFileType = folder.assetcatalog; path = "Preview Assets.xcassets"; sourceTree = "<group>"; };
		7E52A4282D8EFBC40010C789 /* AudoraTests.xctest */ = {isa = PBXFileReference; explicitFileType = wrapper.cfbundle; includeInIndex = 0; path = AudoraTests.xctest; sourceTree = BUILT_PRODUCTS_DIR; };
		7E52A42C2D8EFBC40010C789 /* AudoraTests.swift */ = {isa = PBXFileReference; lastKnownFileType = sourcecode.swift; path = AudoraTests.swift; sourceTree = "<group>"; };
		7E52A4322D8EFBC50010C789 /* AudoraUITests.xctest */ = {isa = PBXFileReference; explicitFileType = wrapper.cfbundle; includeInIndex = 0; path = AudoraUITests.xctest; sourceTree = BUILT_PRODUCTS_DIR; };
		7E52A4362D8EFBC50010C789 /* AudoraUITests.swift */ = {isa = PBXFileReference; lastKnownFileType = sourcecode.swift; path = AudoraUITests.swift; sourceTree = "<group>"; };
		7E52A4382D8EFBC50010C789 /* AudoraUITestsLaunchTests.swift */ = {isa = PBXFileReference; lastKnownFileType = sourcecode.swift; path = AudoraUITestsLaunchTests.swift; sourceTree = "<group>"; };
		7E52A4592D8F0DB00010C789 /* BaseViewModel.swift */ = {isa = PBXFileReference; fileEncoding = 4; lastKnownFileType = sourcecode.swift; path = BaseViewModel.swift; sourceTree = "<group>"; };
		7E52A45A2D8F0DB00010C789 /* NetworkError.swift */ = {isa = PBXFileReference; fileEncoding = 4; lastKnownFileType = sourcecode.swift; path = NetworkError.swift; sourceTree = "<group>"; };
		7E52A45B2D8F0DB00010C789 /* WorkScheduler.swift */ = {isa = PBXFileReference; fileEncoding = 4; lastKnownFileType = sourcecode.swift; path = WorkScheduler.swift; sourceTree = "<group>"; };
		7E52A4692D8F0F830010C789 /* NetworkTarget.swift */ = {isa = PBXFileReference; lastKnownFileType = sourcecode.swift; path = NetworkTarget.swift; sourceTree = "<group>"; };
		7E52A46C2D8F10210010C789 /* Configuration.swift */ = {isa = PBXFileReference; lastKnownFileType = sourcecode.swift; path = Configuration.swift; sourceTree = "<group>"; };
		7E52A4762D8F13620010C789 /* NetworkTarget+Ext.swift */ = {isa = PBXFileReference; lastKnownFileType = sourcecode.swift; path = "NetworkTarget+Ext.swift"; sourceTree = "<group>"; };
		7E52A4792D8F14070010C789 /* RequestBuilder.swift */ = {isa = PBXFileReference; lastKnownFileType = sourcecode.swift; path = RequestBuilder.swift; sourceTree = "<group>"; };
		7E52A47B2D8F181E0010C789 /* Dictionary+Ext.swift */ = {isa = PBXFileReference; lastKnownFileType = sourcecode.swift; path = "Dictionary+Ext.swift"; sourceTree = "<group>"; };
		7E52A47F2D8F18FC0010C789 /* NetworkClient.swift */ = {isa = PBXFileReference; lastKnownFileType = sourcecode.swift; path = NetworkClient.swift; sourceTree = "<group>"; };
		7E52A4832D8F1CF20010C789 /* Dummy.swift */ = {isa = PBXFileReference; lastKnownFileType = sourcecode.swift; path = Dummy.swift; sourceTree = "<group>"; };
		7E52A4882D8F3D700010C789 /* AppDelegate.swift */ = {isa = PBXFileReference; lastKnownFileType = sourcecode.swift; path = AppDelegate.swift; sourceTree = "<group>"; };
		7E52A48A2D8F3E560010C789 /* NetworkDebugger.swift */ = {isa = PBXFileReference; fileEncoding = 4; lastKnownFileType = sourcecode.swift; name = NetworkDebugger.swift; path = ../../../../../../../.Trash/NetworkDebugger.swift; sourceTree = "<group>"; };
/* End PBXFileReference section */

/* Begin PBXFrameworksBuildPhase section */
		7E52A4152D8EFBC20010C789 /* Frameworks */ = {
			isa = PBXFrameworksBuildPhase;
			buildActionMask = 2147483647;
			files = (
				7E52A4872D8F28420010C789 /* netfox in Frameworks */,
				7E52A4752D8F13270010C789 /* Alamofire in Frameworks */,
			);
			runOnlyForDeploymentPostprocessing = 0;
		};
		7E52A4252D8EFBC40010C789 /* Frameworks */ = {
			isa = PBXFrameworksBuildPhase;
			buildActionMask = 2147483647;
			files = (
			);
			runOnlyForDeploymentPostprocessing = 0;
		};
		7E52A42F2D8EFBC50010C789 /* Frameworks */ = {
			isa = PBXFrameworksBuildPhase;
			buildActionMask = 2147483647;
			files = (
			);
			runOnlyForDeploymentPostprocessing = 0;
		};
/* End PBXFrameworksBuildPhase section */

/* Begin PBXGroup section */
		7E52A40F2D8EFBC20010C789 = {
			isa = PBXGroup;
			children = (
				7E52A41A2D8EFBC20010C789 /* Audora */,
				7E52A42B2D8EFBC40010C789 /* AudoraTests */,
				7E52A4352D8EFBC50010C789 /* AudoraUITests */,
				7E52A4192D8EFBC20010C789 /* Products */,
			);
			sourceTree = "<group>";
		};
		7E52A4192D8EFBC20010C789 /* Products */ = {
			isa = PBXGroup;
			children = (
				7E52A4182D8EFBC20010C789 /* Audora.app */,
				7E52A4282D8EFBC40010C789 /* AudoraTests.xctest */,
				7E52A4322D8EFBC50010C789 /* AudoraUITests.xctest */,
			);
			name = Products;
			sourceTree = "<group>";
		};
		7E52A41A2D8EFBC20010C789 /* Audora */ = {
			isa = PBXGroup;
			children = (
				7E52A47D2D8F18920010C789 /* Data */,
				7E52A45E2D8F0DB00010C789 /* Core */,
				7E52A4462D8F01B70010C789 /* Theme */,
				7E52A4452D8F01AB0010C789 /* App */,
				7E52A41D2D8EFBC20010C789 /* ContentView.swift */,
				7E52A4212D8EFBC40010C789 /* Preview Content */,
			);
			path = Audora;
			sourceTree = "<group>";
		};
		7E52A4212D8EFBC40010C789 /* Preview Content */ = {
			isa = PBXGroup;
			children = (
				7E52A4222D8EFBC40010C789 /* Preview Assets.xcassets */,
			);
			path = "Preview Content";
			sourceTree = "<group>";
		};
		7E52A42B2D8EFBC40010C789 /* AudoraTests */ = {
			isa = PBXGroup;
			children = (
				7E52A42C2D8EFBC40010C789 /* AudoraTests.swift */,
			);
			path = AudoraTests;
			sourceTree = "<group>";
		};
		7E52A4352D8EFBC50010C789 /* AudoraUITests */ = {
			isa = PBXGroup;
			children = (
				7E52A4362D8EFBC50010C789 /* AudoraUITests.swift */,
				7E52A4382D8EFBC50010C789 /* AudoraUITestsLaunchTests.swift */,
			);
			path = AudoraUITests;
			sourceTree = "<group>";
		};
		7E52A4452D8F01AB0010C789 /* App */ = {
			isa = PBXGroup;
			children = (
				7E52A41B2D8EFBC20010C789 /* AudoraApp.swift */,
				7E52A4832D8F1CF20010C789 /* Dummy.swift */,
				7E52A4882D8F3D700010C789 /* AppDelegate.swift */,
			);
			path = App;
			sourceTree = "<group>";
		};
		7E52A4462D8F01B70010C789 /* Theme */ = {
			isa = PBXGroup;
			children = (
				7E52A4472D8F01BF0010C789 /* Asset */,
			);
			path = Theme;
			sourceTree = "<group>";
		};
		7E52A4472D8F01BF0010C789 /* Asset */ = {
			isa = PBXGroup;
			children = (
				7E52A41F2D8EFBC40010C789 /* Assets.xcassets */,
			);
			path = Asset;
			sourceTree = "<group>";
		};
		7E52A45C2D8F0DB00010C789 /* Base */ = {
			isa = PBXGroup;
			children = (
				7E52A4592D8F0DB00010C789 /* BaseViewModel.swift */,
				7E52A45A2D8F0DB00010C789 /* NetworkError.swift */,
				7E52A45B2D8F0DB00010C789 /* WorkScheduler.swift */,
			);
			path = Base;
			sourceTree = "<group>";
		};
		7E52A45D2D8F0DB00010C789 /* Networking */ = {
			isa = PBXGroup;
			children = (
				7E52A47E2D8F18BA0010C789 /* NetworkClient */,
				7E52A4782D8F13F30010C789 /* RequestBuilder */,
				7E52A46B2D8F0FD60010C789 /* Utility */,
				7E52A4682D8F0F780010C789 /* Request */,
				7E52A4622D8F0E2E0010C789 /* Type */,
			);
			path = Networking;
			sourceTree = "<group>";
		};
		7E52A45E2D8F0DB00010C789 /* Core */ = {
			isa = PBXGroup;
			children = (
				7E52A45C2D8F0DB00010C789 /* Base */,
				7E52A45D2D8F0DB00010C789 /* Networking */,
			);
			path = Core;
			sourceTree = "<group>";
		};
		7E52A4622D8F0E2E0010C789 /* Type */ = {
			isa = PBXGroup;
			children = (
				7E52A47B2D8F181E0010C789 /* Dictionary+Ext.swift */,
			);
			path = Type;
			sourceTree = "<group>";
		};
		7E52A4682D8F0F780010C789 /* Request */ = {
			isa = PBXGroup;
			children = (
				7E52A4692D8F0F830010C789 /* NetworkTarget.swift */,
				7E52A4762D8F13620010C789 /* NetworkTarget+Ext.swift */,
			);
			path = Request;
			sourceTree = "<group>";
		};
		7E52A46B2D8F0FD60010C789 /* Utility */ = {
			isa = PBXGroup;
			children = (
				7E52A48A2D8F3E560010C789 /* NetworkDebugger.swift */,
				7E52A46C2D8F10210010C789 /* Configuration.swift */,
			);
			path = Utility;
			sourceTree = "<group>";
		};
		7E52A4782D8F13F30010C789 /* RequestBuilder */ = {
			isa = PBXGroup;
			children = (
				7E52A4792D8F14070010C789 /* RequestBuilder.swift */,
			);
			path = RequestBuilder;
			sourceTree = "<group>";
		};
		7E52A47D2D8F18920010C789 /* Data */ = {
			isa = PBXGroup;
			children = (
			);
			path = Data;
			sourceTree = "<group>";
		};
		7E52A47E2D8F18BA0010C789 /* NetworkClient */ = {
			isa = PBXGroup;
			children = (
				7E52A47F2D8F18FC0010C789 /* NetworkClient.swift */,
			);
			path = NetworkClient;
			sourceTree = "<group>";
		};
/* End PBXGroup section */

/* Begin PBXNativeTarget section */
		7E52A4172D8EFBC20010C789 /* Audora */ = {
			isa = PBXNativeTarget;
			buildConfigurationList = 7E52A43C2D8EFBC50010C789 /* Build configuration list for PBXNativeTarget "Audora" */;
			buildPhases = (
				7E52A4142D8EFBC20010C789 /* Sources */,
				7E52A4152D8EFBC20010C789 /* Frameworks */,
				7E52A4162D8EFBC20010C789 /* Resources */,
			);
			buildRules = (
			);
			dependencies = (
			);
			name = Audora;
			packageProductDependencies = (
				7E52A4742D8F13270010C789 /* Alamofire */,
				7E52A4862D8F28420010C789 /* netfox */,
			);
			productName = Audora;
			productReference = 7E52A4182D8EFBC20010C789 /* Audora.app */;
			productType = "com.apple.product-type.application";
		};
		7E52A4272D8EFBC40010C789 /* AudoraTests */ = {
			isa = PBXNativeTarget;
			buildConfigurationList = 7E52A43F2D8EFBC50010C789 /* Build configuration list for PBXNativeTarget "AudoraTests" */;
			buildPhases = (
				7E52A4242D8EFBC40010C789 /* Sources */,
				7E52A4252D8EFBC40010C789 /* Frameworks */,
				7E52A4262D8EFBC40010C789 /* Resources */,
			);
			buildRules = (
			);
			dependencies = (
				7E52A42A2D8EFBC40010C789 /* PBXTargetDependency */,
			);
			name = AudoraTests;
			productName = AudoraTests;
			productReference = 7E52A4282D8EFBC40010C789 /* AudoraTests.xctest */;
			productType = "com.apple.product-type.bundle.unit-test";
		};
		7E52A4312D8EFBC50010C789 /* AudoraUITests */ = {
			isa = PBXNativeTarget;
			buildConfigurationList = 7E52A4422D8EFBC50010C789 /* Build configuration list for PBXNativeTarget "AudoraUITests" */;
			buildPhases = (
				7E52A42E2D8EFBC50010C789 /* Sources */,
				7E52A42F2D8EFBC50010C789 /* Frameworks */,
				7E52A4302D8EFBC50010C789 /* Resources */,
			);
			buildRules = (
			);
			dependencies = (
				7E52A4342D8EFBC50010C789 /* PBXTargetDependency */,
			);
			name = AudoraUITests;
			productName = AudoraUITests;
			productReference = 7E52A4322D8EFBC50010C789 /* AudoraUITests.xctest */;
			productType = "com.apple.product-type.bundle.ui-testing";
		};
/* End PBXNativeTarget section */

/* Begin PBXProject section */
		7E52A4102D8EFBC20010C789 /* Project object */ = {
			isa = PBXProject;
			attributes = {
				BuildIndependentTargetsInParallel = 1;
				LastSwiftUpdateCheck = 1540;
				LastUpgradeCheck = 1540;
				TargetAttributes = {
					7E52A4172D8EFBC20010C789 = {
						CreatedOnToolsVersion = 15.4;
					};
					7E52A4272D8EFBC40010C789 = {
						CreatedOnToolsVersion = 15.4;
						TestTargetID = 7E52A4172D8EFBC20010C789;
					};
					7E52A4312D8EFBC50010C789 = {
						CreatedOnToolsVersion = 15.4;
						TestTargetID = 7E52A4172D8EFBC20010C789;
					};
				};
			};
			buildConfigurationList = 7E52A4132D8EFBC20010C789 /* Build configuration list for PBXProject "Audora" */;
			compatibilityVersion = "Xcode 14.0";
			developmentRegion = en;
			hasScannedForEncodings = 0;
			knownRegions = (
				en,
				Base,
			);
			mainGroup = 7E52A40F2D8EFBC20010C789;
			packageReferences = (
				7E52A4732D8F13270010C789 /* XCRemoteSwiftPackageReference "Alamofire" */,
				7E52A4852D8F28420010C789 /* XCRemoteSwiftPackageReference "netfox" */,
			);
			productRefGroup = 7E52A4192D8EFBC20010C789 /* Products */;
			projectDirPath = "";
			projectRoot = "";
			targets = (
				7E52A4172D8EFBC20010C789 /* Audora */,
				7E52A4272D8EFBC40010C789 /* AudoraTests */,
				7E52A4312D8EFBC50010C789 /* AudoraUITests */,
			);
		};
/* End PBXProject section */

/* Begin PBXResourcesBuildPhase section */
		7E52A4162D8EFBC20010C789 /* Resources */ = {
			isa = PBXResourcesBuildPhase;
			buildActionMask = 2147483647;
			files = (
				7E52A4232D8EFBC40010C789 /* Preview Assets.xcassets in Resources */,
				7E52A4202D8EFBC40010C789 /* Assets.xcassets in Resources */,
			);
			runOnlyForDeploymentPostprocessing = 0;
		};
		7E52A4262D8EFBC40010C789 /* Resources */ = {
			isa = PBXResourcesBuildPhase;
			buildActionMask = 2147483647;
			files = (
			);
			runOnlyForDeploymentPostprocessing = 0;
		};
		7E52A4302D8EFBC50010C789 /* Resources */ = {
			isa = PBXResourcesBuildPhase;
			buildActionMask = 2147483647;
			files = (
			);
			runOnlyForDeploymentPostprocessing = 0;
		};
/* End PBXResourcesBuildPhase section */

/* Begin PBXSourcesBuildPhase section */
		7E52A4142D8EFBC20010C789 /* Sources */ = {
			isa = PBXSourcesBuildPhase;
			buildActionMask = 2147483647;
			files = (
				7E52A41E2D8EFBC20010C789 /* ContentView.swift in Sources */,
				7E52A4612D8F0DB00010C789 /* WorkScheduler.swift in Sources */,
				7E52A46D2D8F10210010C789 /* Configuration.swift in Sources */,
				7E52A4802D8F18FC0010C789 /* NetworkClient.swift in Sources */,
				7E52A4892D8F3D700010C789 /* AppDelegate.swift in Sources */,
				7E52A47C2D8F181E0010C789 /* Dictionary+Ext.swift in Sources */,
				7E52A47A2D8F14070010C789 /* RequestBuilder.swift in Sources */,
				7E52A4602D8F0DB00010C789 /* NetworkError.swift in Sources */,
				7E52A46A2D8F0F830010C789 /* NetworkTarget.swift in Sources */,
				7E52A41C2D8EFBC20010C789 /* AudoraApp.swift in Sources */,
				7E52A45F2D8F0DB00010C789 /* BaseViewModel.swift in Sources */,
				7E52A4842D8F1CF20010C789 /* Dummy.swift in Sources */,
				7E52A4772D8F13620010C789 /* NetworkTarget+Ext.swift in Sources */,
				7E52A48B2D8F3E560010C789 /* NetworkDebugger.swift in Sources */,
			);
			runOnlyForDeploymentPostprocessing = 0;
		};
		7E52A4242D8EFBC40010C789 /* Sources */ = {
			isa = PBXSourcesBuildPhase;
			buildActionMask = 2147483647;
			files = (
				7E52A42D2D8EFBC40010C789 /* AudoraTests.swift in Sources */,
			);
			runOnlyForDeploymentPostprocessing = 0;
		};
		7E52A42E2D8EFBC50010C789 /* Sources */ = {
			isa = PBXSourcesBuildPhase;
			buildActionMask = 2147483647;
			files = (
				7E52A4392D8EFBC50010C789 /* AudoraUITestsLaunchTests.swift in Sources */,
				7E52A4372D8EFBC50010C789 /* AudoraUITests.swift in Sources */,
			);
			runOnlyForDeploymentPostprocessing = 0;
		};
/* End PBXSourcesBuildPhase section */

/* Begin PBXTargetDependency section */
		7E52A42A2D8EFBC40010C789 /* PBXTargetDependency */ = {
			isa = PBXTargetDependency;
			target = 7E52A4172D8EFBC20010C789 /* Audora */;
			targetProxy = 7E52A4292D8EFBC40010C789 /* PBXContainerItemProxy */;
		};
		7E52A4342D8EFBC50010C789 /* PBXTargetDependency */ = {
			isa = PBXTargetDependency;
			target = 7E52A4172D8EFBC20010C789 /* Audora */;
			targetProxy = 7E52A4332D8EFBC50010C789 /* PBXContainerItemProxy */;
		};
/* End PBXTargetDependency section */

/* Begin XCBuildConfiguration section */
		7E52A43A2D8EFBC50010C789 /* Debug */ = {
			isa = XCBuildConfiguration;
			buildSettings = {
				ALWAYS_SEARCH_USER_PATHS = NO;
				ASSETCATALOG_COMPILER_GENERATE_SWIFT_ASSET_SYMBOL_EXTENSIONS = YES;
				CLANG_ANALYZER_NONNULL = YES;
				CLANG_ANALYZER_NUMBER_OBJECT_CONVERSION = YES_AGGRESSIVE;
				CLANG_CXX_LANGUAGE_STANDARD = "gnu++20";
				CLANG_ENABLE_MODULES = YES;
				CLANG_ENABLE_OBJC_ARC = YES;
				CLANG_ENABLE_OBJC_WEAK = YES;
				CLANG_WARN_BLOCK_CAPTURE_AUTORELEASING = YES;
				CLANG_WARN_BOOL_CONVERSION = YES;
				CLANG_WARN_COMMA = YES;
				CLANG_WARN_CONSTANT_CONVERSION = YES;
				CLANG_WARN_DEPRECATED_OBJC_IMPLEMENTATIONS = YES;
				CLANG_WARN_DIRECT_OBJC_ISA_USAGE = YES_ERROR;
				CLANG_WARN_DOCUMENTATION_COMMENTS = YES;
				CLANG_WARN_EMPTY_BODY = YES;
				CLANG_WARN_ENUM_CONVERSION = YES;
				CLANG_WARN_INFINITE_RECURSION = YES;
				CLANG_WARN_INT_CONVERSION = YES;
				CLANG_WARN_NON_LITERAL_NULL_CONVERSION = YES;
				CLANG_WARN_OBJC_IMPLICIT_RETAIN_SELF = YES;
				CLANG_WARN_OBJC_LITERAL_CONVERSION = YES;
				CLANG_WARN_OBJC_ROOT_CLASS = YES_ERROR;
				CLANG_WARN_QUOTED_INCLUDE_IN_FRAMEWORK_HEADER = YES;
				CLANG_WARN_RANGE_LOOP_ANALYSIS = YES;
				CLANG_WARN_STRICT_PROTOTYPES = YES;
				CLANG_WARN_SUSPICIOUS_MOVE = YES;
				CLANG_WARN_UNGUARDED_AVAILABILITY = YES_AGGRESSIVE;
				CLANG_WARN_UNREACHABLE_CODE = YES;
				CLANG_WARN__DUPLICATE_METHOD_MATCH = YES;
				COPY_PHASE_STRIP = NO;
				DEBUG_INFORMATION_FORMAT = dwarf;
				ENABLE_STRICT_OBJC_MSGSEND = YES;
				ENABLE_TESTABILITY = YES;
				ENABLE_USER_SCRIPT_SANDBOXING = YES;
				GCC_C_LANGUAGE_STANDARD = gnu17;
				GCC_DYNAMIC_NO_PIC = NO;
				GCC_NO_COMMON_BLOCKS = YES;
				GCC_OPTIMIZATION_LEVEL = 0;
				GCC_PREPROCESSOR_DEFINITIONS = (
					"DEBUG=1",
					"$(inherited)",
				);
				GCC_WARN_64_TO_32_BIT_CONVERSION = YES;
				GCC_WARN_ABOUT_RETURN_TYPE = YES_ERROR;
				GCC_WARN_UNDECLARED_SELECTOR = YES;
				GCC_WARN_UNINITIALIZED_AUTOS = YES_AGGRESSIVE;
				GCC_WARN_UNUSED_FUNCTION = YES;
				GCC_WARN_UNUSED_VARIABLE = YES;
				IPHONEOS_DEPLOYMENT_TARGET = 17.5;
				LOCALIZATION_PREFERS_STRING_CATALOGS = YES;
				MTL_ENABLE_DEBUG_INFO = INCLUDE_SOURCE;
				MTL_FAST_MATH = YES;
				ONLY_ACTIVE_ARCH = YES;
				SDKROOT = iphoneos;
				SWIFT_ACTIVE_COMPILATION_CONDITIONS = "DEBUG $(inherited)";
				SWIFT_OPTIMIZATION_LEVEL = "-Onone";
			};
			name = Debug;
		};
		7E52A43B2D8EFBC50010C789 /* Release */ = {
			isa = XCBuildConfiguration;
			buildSettings = {
				ALWAYS_SEARCH_USER_PATHS = NO;
				ASSETCATALOG_COMPILER_GENERATE_SWIFT_ASSET_SYMBOL_EXTENSIONS = YES;
				CLANG_ANALYZER_NONNULL = YES;
				CLANG_ANALYZER_NUMBER_OBJECT_CONVERSION = YES_AGGRESSIVE;
				CLANG_CXX_LANGUAGE_STANDARD = "gnu++20";
				CLANG_ENABLE_MODULES = YES;
				CLANG_ENABLE_OBJC_ARC = YES;
				CLANG_ENABLE_OBJC_WEAK = YES;
				CLANG_WARN_BLOCK_CAPTURE_AUTORELEASING = YES;
				CLANG_WARN_BOOL_CONVERSION = YES;
				CLANG_WARN_COMMA = YES;
				CLANG_WARN_CONSTANT_CONVERSION = YES;
				CLANG_WARN_DEPRECATED_OBJC_IMPLEMENTATIONS = YES;
				CLANG_WARN_DIRECT_OBJC_ISA_USAGE = YES_ERROR;
				CLANG_WARN_DOCUMENTATION_COMMENTS = YES;
				CLANG_WARN_EMPTY_BODY = YES;
				CLANG_WARN_ENUM_CONVERSION = YES;
				CLANG_WARN_INFINITE_RECURSION = YES;
				CLANG_WARN_INT_CONVERSION = YES;
				CLANG_WARN_NON_LITERAL_NULL_CONVERSION = YES;
				CLANG_WARN_OBJC_IMPLICIT_RETAIN_SELF = YES;
				CLANG_WARN_OBJC_LITERAL_CONVERSION = YES;
				CLANG_WARN_OBJC_ROOT_CLASS = YES_ERROR;
				CLANG_WARN_QUOTED_INCLUDE_IN_FRAMEWORK_HEADER = YES;
				CLANG_WARN_RANGE_LOOP_ANALYSIS = YES;
				CLANG_WARN_STRICT_PROTOTYPES = YES;
				CLANG_WARN_SUSPICIOUS_MOVE = YES;
				CLANG_WARN_UNGUARDED_AVAILABILITY = YES_AGGRESSIVE;
				CLANG_WARN_UNREACHABLE_CODE = YES;
				CLANG_WARN__DUPLICATE_METHOD_MATCH = YES;
				COPY_PHASE_STRIP = NO;
				DEBUG_INFORMATION_FORMAT = "dwarf-with-dsym";
				ENABLE_NS_ASSERTIONS = NO;
				ENABLE_STRICT_OBJC_MSGSEND = YES;
				ENABLE_USER_SCRIPT_SANDBOXING = YES;
				GCC_C_LANGUAGE_STANDARD = gnu17;
				GCC_NO_COMMON_BLOCKS = YES;
				GCC_WARN_64_TO_32_BIT_CONVERSION = YES;
				GCC_WARN_ABOUT_RETURN_TYPE = YES_ERROR;
				GCC_WARN_UNDECLARED_SELECTOR = YES;
				GCC_WARN_UNINITIALIZED_AUTOS = YES_AGGRESSIVE;
				GCC_WARN_UNUSED_FUNCTION = YES;
				GCC_WARN_UNUSED_VARIABLE = YES;
				IPHONEOS_DEPLOYMENT_TARGET = 17.5;
				LOCALIZATION_PREFERS_STRING_CATALOGS = YES;
				MTL_ENABLE_DEBUG_INFO = NO;
				MTL_FAST_MATH = YES;
				SDKROOT = iphoneos;
				SWIFT_COMPILATION_MODE = wholemodule;
				VALIDATE_PRODUCT = YES;
			};
			name = Release;
		};
		7E52A43D2D8EFBC50010C789 /* Debug */ = {
			isa = XCBuildConfiguration;
			buildSettings = {
				ASSETCATALOG_COMPILER_APPICON_NAME = AppIcon;
				ASSETCATALOG_COMPILER_GLOBAL_ACCENT_COLOR_NAME = AccentColor;
				CODE_SIGN_STYLE = Automatic;
				CURRENT_PROJECT_VERSION = 1;
				DEVELOPMENT_ASSET_PATHS = "\"Audora/Preview Content\"";
				DEVELOPMENT_TEAM = 3F8C4P2T95;
				ENABLE_PREVIEWS = YES;
				GENERATE_INFOPLIST_FILE = YES;
				INFOPLIST_KEY_UIApplicationSceneManifest_Generation = YES;
				INFOPLIST_KEY_UIApplicationSupportsIndirectInputEvents = YES;
				INFOPLIST_KEY_UILaunchScreen_Generation = YES;
				INFOPLIST_KEY_UISupportedInterfaceOrientations_iPad = "UIInterfaceOrientationPortrait UIInterfaceOrientationPortraitUpsideDown UIInterfaceOrientationLandscapeLeft UIInterfaceOrientationLandscapeRight";
				INFOPLIST_KEY_UISupportedInterfaceOrientations_iPhone = "UIInterfaceOrientationPortrait UIInterfaceOrientationLandscapeLeft UIInterfaceOrientationLandscapeRight";
				LD_RUNPATH_SEARCH_PATHS = (
					"$(inherited)",
					"@executable_path/Frameworks",
				);
				MARKETING_VERSION = 1.0;
				PRODUCT_BUNDLE_IDENTIFIER = com.rivaldofez.audora;
				PRODUCT_NAME = "$(TARGET_NAME)";
				SWIFT_EMIT_LOC_STRINGS = YES;
				SWIFT_VERSION = 5.0;
				TARGETED_DEVICE_FAMILY = "1,2";
			};
			name = Debug;
		};
		7E52A43E2D8EFBC50010C789 /* Release */ = {
			isa = XCBuildConfiguration;
			buildSettings = {
				ASSETCATALOG_COMPILER_APPICON_NAME = AppIcon;
				ASSETCATALOG_COMPILER_GLOBAL_ACCENT_COLOR_NAME = AccentColor;
				CODE_SIGN_STYLE = Automatic;
				CURRENT_PROJECT_VERSION = 1;
				DEVELOPMENT_ASSET_PATHS = "\"Audora/Preview Content\"";
				DEVELOPMENT_TEAM = 3F8C4P2T95;
				ENABLE_PREVIEWS = YES;
				GENERATE_INFOPLIST_FILE = YES;
				INFOPLIST_KEY_UIApplicationSceneManifest_Generation = YES;
				INFOPLIST_KEY_UIApplicationSupportsIndirectInputEvents = YES;
				INFOPLIST_KEY_UILaunchScreen_Generation = YES;
				INFOPLIST_KEY_UISupportedInterfaceOrientations_iPad = "UIInterfaceOrientationPortrait UIInterfaceOrientationPortraitUpsideDown UIInterfaceOrientationLandscapeLeft UIInterfaceOrientationLandscapeRight";
				INFOPLIST_KEY_UISupportedInterfaceOrientations_iPhone = "UIInterfaceOrientationPortrait UIInterfaceOrientationLandscapeLeft UIInterfaceOrientationLandscapeRight";
				LD_RUNPATH_SEARCH_PATHS = (
					"$(inherited)",
					"@executable_path/Frameworks",
				);
				MARKETING_VERSION = 1.0;
				PRODUCT_BUNDLE_IDENTIFIER = com.rivaldofez.audora;
				PRODUCT_NAME = "$(TARGET_NAME)";
				SWIFT_EMIT_LOC_STRINGS = YES;
				SWIFT_VERSION = 5.0;
				TARGETED_DEVICE_FAMILY = "1,2";
			};
			name = Release;
		};
		7E52A4402D8EFBC50010C789 /* Debug */ = {
			isa = XCBuildConfiguration;
			buildSettings = {
				ALWAYS_EMBED_SWIFT_STANDARD_LIBRARIES = YES;
				BUNDLE_LOADER = "$(TEST_HOST)";
				CODE_SIGN_STYLE = Automatic;
				CURRENT_PROJECT_VERSION = 1;
				DEVELOPMENT_TEAM = 3F8C4P2T95;
				GENERATE_INFOPLIST_FILE = YES;
				IPHONEOS_DEPLOYMENT_TARGET = 17.5;
				MARKETING_VERSION = 1.0;
				PRODUCT_BUNDLE_IDENTIFIER = com.rivaldofez.audora.tests;
				PRODUCT_NAME = "$(TARGET_NAME)";
				SWIFT_EMIT_LOC_STRINGS = NO;
				SWIFT_VERSION = 5.0;
				TARGETED_DEVICE_FAMILY = "1,2";
				TEST_HOST = "$(BUILT_PRODUCTS_DIR)/Audora.app/$(BUNDLE_EXECUTABLE_FOLDER_PATH)/Audora";
			};
			name = Debug;
		};
		7E52A4412D8EFBC50010C789 /* Release */ = {
			isa = XCBuildConfiguration;
			buildSettings = {
				ALWAYS_EMBED_SWIFT_STANDARD_LIBRARIES = YES;
				BUNDLE_LOADER = "$(TEST_HOST)";
				CODE_SIGN_STYLE = Automatic;
				CURRENT_PROJECT_VERSION = 1;
				DEVELOPMENT_TEAM = 3F8C4P2T95;
				GENERATE_INFOPLIST_FILE = YES;
				IPHONEOS_DEPLOYMENT_TARGET = 17.5;
				MARKETING_VERSION = 1.0;
				PRODUCT_BUNDLE_IDENTIFIER = com.rivaldofez.audora.tests;
				PRODUCT_NAME = "$(TARGET_NAME)";
				SWIFT_EMIT_LOC_STRINGS = NO;
				SWIFT_VERSION = 5.0;
				TARGETED_DEVICE_FAMILY = "1,2";
				TEST_HOST = "$(BUILT_PRODUCTS_DIR)/Audora.app/$(BUNDLE_EXECUTABLE_FOLDER_PATH)/Audora";
			};
			name = Release;
		};
		7E52A4432D8EFBC50010C789 /* Debug */ = {
			isa = XCBuildConfiguration;
			buildSettings = {
				ALWAYS_EMBED_SWIFT_STANDARD_LIBRARIES = YES;
				CODE_SIGN_STYLE = Automatic;
				CURRENT_PROJECT_VERSION = 1;
				DEVELOPMENT_TEAM = 3F8C4P2T95;
				GENERATE_INFOPLIST_FILE = YES;
				MARKETING_VERSION = 1.0;
				PRODUCT_BUNDLE_IDENTIFIER = com.rivaldofez.audora.ui.tests;
				PRODUCT_NAME = "$(TARGET_NAME)";
				SWIFT_EMIT_LOC_STRINGS = NO;
				SWIFT_VERSION = 5.0;
				TARGETED_DEVICE_FAMILY = "1,2";
				TEST_TARGET_NAME = Audora;
			};
			name = Debug;
		};
		7E52A4442D8EFBC50010C789 /* Release */ = {
			isa = XCBuildConfiguration;
			buildSettings = {
				ALWAYS_EMBED_SWIFT_STANDARD_LIBRARIES = YES;
				CODE_SIGN_STYLE = Automatic;
				CURRENT_PROJECT_VERSION = 1;
				DEVELOPMENT_TEAM = 3F8C4P2T95;
				GENERATE_INFOPLIST_FILE = YES;
				MARKETING_VERSION = 1.0;
				PRODUCT_BUNDLE_IDENTIFIER = com.rivaldofez.audora.ui.tests;
				PRODUCT_NAME = "$(TARGET_NAME)";
				SWIFT_EMIT_LOC_STRINGS = NO;
				SWIFT_VERSION = 5.0;
				TARGETED_DEVICE_FAMILY = "1,2";
				TEST_TARGET_NAME = Audora;
			};
			name = Release;
		};
/* End XCBuildConfiguration section */

/* Begin XCConfigurationList section */
		7E52A4132D8EFBC20010C789 /* Build configuration list for PBXProject "Audora" */ = {
			isa = XCConfigurationList;
			buildConfigurations = (
				7E52A43A2D8EFBC50010C789 /* Debug */,
				7E52A43B2D8EFBC50010C789 /* Release */,
			);
			defaultConfigurationIsVisible = 0;
			defaultConfigurationName = Release;
		};
		7E52A43C2D8EFBC50010C789 /* Build configuration list for PBXNativeTarget "Audora" */ = {
			isa = XCConfigurationList;
			buildConfigurations = (
				7E52A43D2D8EFBC50010C789 /* Debug */,
				7E52A43E2D8EFBC50010C789 /* Release */,
			);
			defaultConfigurationIsVisible = 0;
			defaultConfigurationName = Release;
		};
		7E52A43F2D8EFBC50010C789 /* Build configuration list for PBXNativeTarget "AudoraTests" */ = {
			isa = XCConfigurationList;
			buildConfigurations = (
				7E52A4402D8EFBC50010C789 /* Debug */,
				7E52A4412D8EFBC50010C789 /* Release */,
			);
			defaultConfigurationIsVisible = 0;
			defaultConfigurationName = Release;
		};
		7E52A4422D8EFBC50010C789 /* Build configuration list for PBXNativeTarget "AudoraUITests" */ = {
			isa = XCConfigurationList;
			buildConfigurations = (
				7E52A4432D8EFBC50010C789 /* Debug */,
				7E52A4442D8EFBC50010C789 /* Release */,
			);
			defaultConfigurationIsVisible = 0;
			defaultConfigurationName = Release;
		};
/* End XCConfigurationList section */

/* Begin XCRemoteSwiftPackageReference section */
		7E52A4732D8F13270010C789 /* XCRemoteSwiftPackageReference "Alamofire" */ = {
			isa = XCRemoteSwiftPackageReference;
			repositoryURL = "https://github.com/Alamofire/Alamofire";
			requirement = {
				kind = upToNextMajorVersion;
				minimumVersion = 5.10.2;
			};
		};
		7E52A4852D8F28420010C789 /* XCRemoteSwiftPackageReference "netfox" */ = {
			isa = XCRemoteSwiftPackageReference;
			repositoryURL = "https://github.com/kasketis/netfox.git";
			requirement = {
				kind = upToNextMajorVersion;
				minimumVersion = 1.21.0;
			};
		};
/* End XCRemoteSwiftPackageReference section */

/* Begin XCSwiftPackageProductDependency section */
		7E52A4742D8F13270010C789 /* Alamofire */ = {
			isa = XCSwiftPackageProductDependency;
			package = 7E52A4732D8F13270010C789 /* XCRemoteSwiftPackageReference "Alamofire" */;
			productName = Alamofire;
		};
		7E52A4862D8F28420010C789 /* netfox */ = {
			isa = XCSwiftPackageProductDependency;
			package = 7E52A4852D8F28420010C789 /* XCRemoteSwiftPackageReference "netfox" */;
			productName = netfox;
		};
/* End XCSwiftPackageProductDependency section */
	};
	rootObject = 7E52A4102D8EFBC20010C789 /* Project object */;
}
